
Microsoft Visual Studio Solution File, Format Version 12.00
# Visual Studio 15
Project("{FAE04EC0-301F-11D3-BF4B-00C04F79EFBC}") = "Assembly-CSharp", "Assembly-CSharp.csproj", "{438756BE-A2E1-D8D0-9ECD-788A24825120}"
EndProject
Project("{FAE04EC0-301F-11D3-BF4B-00C04F79EFBC}") = "Assembly-CSharp-Editor", "Assembly-CSharp-Editor.csproj", "{F732DB66-921A-C0B8-C868-340885BA3F47}"
EndProject
Global
	GlobalSection(SolutionConfigurationPlatforms) = preSolution
		Debug|Any CPU = Debug|Any CPU
		Release|Any CPU = Release|Any CPU
	EndGlobalSection
	GlobalSection(ProjectConfigurationPlatforms) = postSolution
		{438756BE-A2E1-D8D0-9ECD-788A24825120}.Debug|Any CPU.ActiveCfg = Debug|Any CPU
		{438756BE-A2E1-D8D0-9ECD-788A24825120}.Debug|Any CPU.Build.0 = Debug|Any CPU
		{438756BE-A2E1-D8D0-9ECD-788A24825120}.Release|Any CPU.ActiveCfg = Release|Any CPU
		{438756BE-A2E1-D8D0-9ECD-788A24825120}.Release|Any CPU.Build.0 = Release|Any CPU
		{F732DB66-921A-C0B8-C868-340885BA3F47}.Debug|Any CPU.ActiveCfg = Debug|Any CPU
		{F732DB66-921A-C0B8-C868-340885BA3F47}.Debug|Any CPU.Build.0 = Debug|Any CPU
		{F732DB66-921A-C0B8-C868-340885BA3F47}.Release|Any CPU.ActiveCfg = Release|Any CPU
		{F732DB66-921A-C0B8-C868-340885BA3F47}.Release|Any CPU.Build.0 = Release|Any CPU
	EndGlobalSection
	GlobalSection(SolutionProperties) = preSolution
		HideSolutionNode = FALSE
	EndGlobalSection
EndGlobal
